
Microsoft Visual Studio Solution File, Format Version 12.00
# Visual Studio Version 16
VisualStudioVersion = 16.0.30804.86
MinimumVisualStudioVersion = 10.0.40219.1
Project("{9A19103F-16F7-4668-BE54-9A1E7A4F7556}") = "KafkaProducer", "src\KafkaProducer\KafkaProducer.csproj", "{881C5882-729E-4E83-93E6-BD4777B4CEE1}"
EndProject
Project("{9A19103F-16F7-4668-BE54-9A1E7A4F7556}") = "FraudDetectorService", "src\KafkaConsumer\FraudDetectorService\FraudDetectorService.csproj", "{1E8DB556-61AC-4ABA-8014-9AFFE504658F}"
EndProject
Project("{9A19103F-16F7-4668-BE54-9A1E7A4F7556}") = "SendEmailService", "src\KafkaConsumer\SendEmailService\SendEmailService.csproj", "{D6CC38FD-4C86-4BF6-BD2D-09565F607BC6}"
EndProject
Project("{FAE04EC0-301F-11D3-BF4B-00C04F79EFBC}") = "LogService", "src\KafkaConsumer\LogService\LogService.csproj", "{CD91B03E-E777-490A-B47D-774AFC32F313}"
EndProject
Global
	GlobalSection(SolutionConfigurationPlatforms) = preSolution
		Debug|Any CPU = Debug|Any CPU
		Release|Any CPU = Release|Any CPU
	EndGlobalSection
	GlobalSection(ProjectConfigurationPlatforms) = postSolution
		{881C5882-729E-4E83-93E6-BD4777B4CEE1}.Debug|Any CPU.ActiveCfg = Debug|Any CPU
		{881C5882-729E-4E83-93E6-BD4777B4CEE1}.Debug|Any CPU.Build.0 = Debug|Any CPU
		{881C5882-729E-4E83-93E6-BD4777B4CEE1}.Release|Any CPU.ActiveCfg = Release|Any CPU
		{881C5882-729E-4E83-93E6-BD4777B4CEE1}.Release|Any CPU.Build.0 = Release|Any CPU
		{1E8DB556-61AC-4ABA-8014-9AFFE504658F}.Debug|Any CPU.ActiveCfg = Debug|Any CPU
		{1E8DB556-61AC-4ABA-8014-9AFFE504658F}.Debug|Any CPU.Build.0 = Debug|Any CPU
		{1E8DB556-61AC-4ABA-8014-9AFFE504658F}.Release|Any CPU.ActiveCfg = Release|Any CPU
		{1E8DB556-61AC-4ABA-8014-9AFFE504658F}.Release|Any CPU.Build.0 = Release|Any CPU
		{D6CC38FD-4C86-4BF6-BD2D-09565F607BC6}.Debug|Any CPU.ActiveCfg = Debug|Any CPU
		{D6CC38FD-4C86-4BF6-BD2D-09565F607BC6}.Debug|Any CPU.Build.0 = Debug|Any CPU
		{D6CC38FD-4C86-4BF6-BD2D-09565F607BC6}.Release|Any CPU.ActiveCfg = Release|Any CPU
		{D6CC38FD-4C86-4BF6-BD2D-09565F607BC6}.Release|Any CPU.Build.0 = Release|Any CPU
		{CD91B03E-E777-490A-B47D-774AFC32F313}.Debug|Any CPU.ActiveCfg = Debug|Any CPU
		{CD91B03E-E777-490A-B47D-774AFC32F313}.Debug|Any CPU.Build.0 = Debug|Any CPU
		{CD91B03E-E777-490A-B47D-774AFC32F313}.Release|Any CPU.ActiveCfg = Release|Any CPU
		{CD91B03E-E777-490A-B47D-774AFC32F313}.Release|Any CPU.Build.0 = Release|Any CPU
	EndGlobalSection
	GlobalSection(SolutionProperties) = preSolution
		HideSolutionNode = FALSE
	EndGlobalSection
	GlobalSection(ExtensibilityGlobals) = postSolution
		SolutionGuid = {ECAE3CE1-D17C-4A2C-8239-B873640A5525}
	EndGlobalSection
EndGlobal
